// !$*UTF8*$!
{
	archiveVersion = 1;
	classes = {
	};
	objectVersion = 50;
	objects = {

/* Begin PBXBuildFile section */
		B973E72F298C2DE60087FD23 /* BInarySearchTree.swift in Sources */ = {isa = PBXBuildFile; fileRef = B973E72E298C2DE60087FD23 /* BInarySearchTree.swift */; };
		B973E731298C3B340087FD23 /* BinarySearchTreeTests.swift in Sources */ = {isa = PBXBuildFile; fileRef = B973E730298C3B340087FD23 /* BinarySearchTreeTests.swift */; };
		B973E734298C51FB0087FD23 /* CustomAssertions.swift in Sources */ = {isa = PBXBuildFile; fileRef = B973E733298C51FB0087FD23 /* CustomAssertions.swift */; };
		B9963ECB2964B25B00CAD8EE /* Trie.swift in Sources */ = {isa = PBXBuildFile; fileRef = B9963ECA2964B25B00CAD8EE /* Trie.swift */; };
		B9963ECD2964B88F00CAD8EE /* TrieTests.swift in Sources */ = {isa = PBXBuildFile; fileRef = B9963ECC2964B88F00CAD8EE /* TrieTests.swift */; };
		B9963ECF2969FC3E00CAD8EE /* QueueTests.swift in Sources */ = {isa = PBXBuildFile; fileRef = B9963ECE2969FC3E00CAD8EE /* QueueTests.swift */; };
		B9963ED1296A004F00CAD8EE /* PriorityQueueTests.swift in Sources */ = {isa = PBXBuildFile; fileRef = B9963ED0296A004F00CAD8EE /* PriorityQueueTests.swift */; };
		B9963ED3296A037E00CAD8EE /* StackTests.swift in Sources */ = {isa = PBXBuildFile; fileRef = B9963ED2296A037E00CAD8EE /* StackTests.swift */; };
		B9963ED5296A080200CAD8EE /* HashMapTests.swift in Sources */ = {isa = PBXBuildFile; fileRef = B9963ED4296A080200CAD8EE /* HashMapTests.swift */; };
		B9963ED7296B2F0500CAD8EE /* QuickSorterTests.swift in Sources */ = {isa = PBXBuildFile; fileRef = B9963ED6296B2F0500CAD8EE /* QuickSorterTests.swift */; };
		B9963ED9296B30C300CAD8EE /* DoublyLinkedListTests.swift in Sources */ = {isa = PBXBuildFile; fileRef = B9963ED8296B30C300CAD8EE /* DoublyLinkedListTests.swift */; };
		B9C300F020C8B3DE009FD409 /* JTDataStructures.framework in Frameworks */ = {isa = PBXBuildFile; fileRef = B9C300E620C8B3DE009FD409 /* JTDataStructures.framework */; };
		B9C300F720C8B3DE009FD409 /* JTDataStructures.h in Headers */ = {isa = PBXBuildFile; fileRef = B9C300E920C8B3DE009FD409 /* JTDataStructures.h */; settings = {ATTRIBUTES = (Public, ); }; };
		B9C3010D20C8B461009FD409 /* PriorityQueue.swift in Sources */ = {isa = PBXBuildFile; fileRef = B9C3010020C8B45F009FD409 /* PriorityQueue.swift */; };
		B9C3010F20C8B461009FD409 /* HashMap.swift in Sources */ = {isa = PBXBuildFile; fileRef = B9C3010220C8B45F009FD409 /* HashMap.swift */; };
		B9C3011020C8B461009FD409 /* QuickSorter.swift in Sources */ = {isa = PBXBuildFile; fileRef = B9C3010320C8B45F009FD409 /* QuickSorter.swift */; };
		B9C3011120C8B461009FD409 /* DoublyLinkedListNode.swift in Sources */ = {isa = PBXBuildFile; fileRef = B9C3010420C8B460009FD409 /* DoublyLinkedListNode.swift */; };
		B9C3011220C8B461009FD409 /* Node.swift in Sources */ = {isa = PBXBuildFile; fileRef = B9C3010520C8B460009FD409 /* Node.swift */; };
		B9C3011320C8B461009FD409 /* Queue.swift in Sources */ = {isa = PBXBuildFile; fileRef = B9C3010620C8B460009FD409 /* Queue.swift */; };
		B9C3011420C8B461009FD409 /* DoublyLinkedList.swift in Sources */ = {isa = PBXBuildFile; fileRef = B9C3010720C8B460009FD409 /* DoublyLinkedList.swift */; };
		B9C3011720C8B461009FD409 /* Stack.swift in Sources */ = {isa = PBXBuildFile; fileRef = B9C3010A20C8B460009FD409 /* Stack.swift */; };
		B9C3014220C9A3CD009FD409 /* DoublyLinkedListIterator.swift in Sources */ = {isa = PBXBuildFile; fileRef = B9C3014120C9A3CD009FD409 /* DoublyLinkedListIterator.swift */; };
/* End PBXBuildFile section */

/* Begin PBXContainerItemProxy section */
		B9C300F120C8B3DE009FD409 /* PBXContainerItemProxy */ = {
			isa = PBXContainerItemProxy;
			containerPortal = B9C300DD20C8B3DE009FD409 /* Project object */;
			proxyType = 1;
			remoteGlobalIDString = B9C300E520C8B3DE009FD409;
			remoteInfo = JTDataStructures;
		};
/* End PBXContainerItemProxy section */

/* Begin PBXFileReference section */
		B973E72E298C2DE60087FD23 /* BInarySearchTree.swift */ = {isa = PBXFileReference; lastKnownFileType = sourcecode.swift; path = BInarySearchTree.swift; sourceTree = "<group>"; };
		B973E730298C3B340087FD23 /* BinarySearchTreeTests.swift */ = {isa = PBXFileReference; lastKnownFileType = sourcecode.swift; path = BinarySearchTreeTests.swift; sourceTree = "<group>"; };
		B973E733298C51FB0087FD23 /* CustomAssertions.swift */ = {isa = PBXFileReference; lastKnownFileType = sourcecode.swift; path = CustomAssertions.swift; sourceTree = "<group>"; };
		B9963ECA2964B25B00CAD8EE /* Trie.swift */ = {isa = PBXFileReference; lastKnownFileType = sourcecode.swift; path = Trie.swift; sourceTree = "<group>"; };
		B9963ECC2964B88F00CAD8EE /* TrieTests.swift */ = {isa = PBXFileReference; lastKnownFileType = sourcecode.swift; path = TrieTests.swift; sourceTree = "<group>"; };
		B9963ECE2969FC3E00CAD8EE /* QueueTests.swift */ = {isa = PBXFileReference; lastKnownFileType = sourcecode.swift; path = QueueTests.swift; sourceTree = "<group>"; };
		B9963ED0296A004F00CAD8EE /* PriorityQueueTests.swift */ = {isa = PBXFileReference; lastKnownFileType = sourcecode.swift; path = PriorityQueueTests.swift; sourceTree = "<group>"; };
		B9963ED2296A037E00CAD8EE /* StackTests.swift */ = {isa = PBXFileReference; lastKnownFileType = sourcecode.swift; path = StackTests.swift; sourceTree = "<group>"; };
		B9963ED4296A080200CAD8EE /* HashMapTests.swift */ = {isa = PBXFileReference; lastKnownFileType = sourcecode.swift; path = HashMapTests.swift; sourceTree = "<group>"; };
		B9963ED6296B2F0500CAD8EE /* QuickSorterTests.swift */ = {isa = PBXFileReference; lastKnownFileType = sourcecode.swift; path = QuickSorterTests.swift; sourceTree = "<group>"; };
		B9963ED8296B30C300CAD8EE /* DoublyLinkedListTests.swift */ = {isa = PBXFileReference; lastKnownFileType = sourcecode.swift; path = DoublyLinkedListTests.swift; sourceTree = "<group>"; };
		B9C300E620C8B3DE009FD409 /* JTDataStructures.framework */ = {isa = PBXFileReference; explicitFileType = wrapper.framework; includeInIndex = 0; path = JTDataStructures.framework; sourceTree = BUILT_PRODUCTS_DIR; };
		B9C300E920C8B3DE009FD409 /* JTDataStructures.h */ = {isa = PBXFileReference; lastKnownFileType = sourcecode.c.h; path = JTDataStructures.h; sourceTree = "<group>"; };
		B9C300EA20C8B3DE009FD409 /* Info.plist */ = {isa = PBXFileReference; lastKnownFileType = text.plist.xml; path = Info.plist; sourceTree = "<group>"; };
		B9C300EF20C8B3DE009FD409 /* JTDataStructuresTests.xctest */ = {isa = PBXFileReference; explicitFileType = wrapper.cfbundle; includeInIndex = 0; path = JTDataStructuresTests.xctest; sourceTree = BUILT_PRODUCTS_DIR; };
		B9C300F620C8B3DE009FD409 /* Info.plist */ = {isa = PBXFileReference; lastKnownFileType = text.plist.xml; path = Info.plist; sourceTree = "<group>"; };
		B9C3010020C8B45F009FD409 /* PriorityQueue.swift */ = {isa = PBXFileReference; fileEncoding = 4; lastKnownFileType = sourcecode.swift; path = PriorityQueue.swift; sourceTree = "<group>"; };
		B9C3010220C8B45F009FD409 /* HashMap.swift */ = {isa = PBXFileReference; fileEncoding = 4; lastKnownFileType = sourcecode.swift; path = HashMap.swift; sourceTree = "<group>"; };
		B9C3010320C8B45F009FD409 /* QuickSorter.swift */ = {isa = PBXFileReference; fileEncoding = 4; lastKnownFileType = sourcecode.swift; path = QuickSorter.swift; sourceTree = "<group>"; };
		B9C3010420C8B460009FD409 /* DoublyLinkedListNode.swift */ = {isa = PBXFileReference; fileEncoding = 4; lastKnownFileType = sourcecode.swift; path = DoublyLinkedListNode.swift; sourceTree = "<group>"; };
		B9C3010520C8B460009FD409 /* Node.swift */ = {isa = PBXFileReference; fileEncoding = 4; lastKnownFileType = sourcecode.swift; path = Node.swift; sourceTree = "<group>"; };
		B9C3010620C8B460009FD409 /* Queue.swift */ = {isa = PBXFileReference; fileEncoding = 4; lastKnownFileType = sourcecode.swift; path = Queue.swift; sourceTree = "<group>"; };
		B9C3010720C8B460009FD409 /* DoublyLinkedList.swift */ = {isa = PBXFileReference; fileEncoding = 4; lastKnownFileType = sourcecode.swift; path = DoublyLinkedList.swift; sourceTree = "<group>"; };
		B9C3010A20C8B460009FD409 /* Stack.swift */ = {isa = PBXFileReference; fileEncoding = 4; lastKnownFileType = sourcecode.swift; path = Stack.swift; sourceTree = "<group>"; };
		B9C3014120C9A3CD009FD409 /* DoublyLinkedListIterator.swift */ = {isa = PBXFileReference; lastKnownFileType = sourcecode.swift; path = DoublyLinkedListIterator.swift; sourceTree = "<group>"; };
/* End PBXFileReference section */

/* Begin PBXFrameworksBuildPhase section */
		B9C300E320C8B3DE009FD409 /* Frameworks */ = {
			isa = PBXFrameworksBuildPhase;
			buildActionMask = 2147483647;
			files = (
			);
			runOnlyForDeploymentPostprocessing = 0;
		};
		B9C300EC20C8B3DE009FD409 /* Frameworks */ = {
			isa = PBXFrameworksBuildPhase;
			buildActionMask = 2147483647;
			files = (
				B9C300F020C8B3DE009FD409 /* JTDataStructures.framework in Frameworks */,
			);
			runOnlyForDeploymentPostprocessing = 0;
		};
/* End PBXFrameworksBuildPhase section */

/* Begin PBXGroup section */
		B973E732298C51ED0087FD23 /* Helpers */ = {
			isa = PBXGroup;
			children = (
				B973E733298C51FB0087FD23 /* CustomAssertions.swift */,
			);
			path = Helpers;
			sourceTree = "<group>";
		};
		B9C300DC20C8B3DE009FD409 = {
			isa = PBXGroup;
			children = (
				B9C300E820C8B3DE009FD409 /* JTDataStructures */,
				B9C300F320C8B3DE009FD409 /* JTDataStructuresTests */,
				B9C300E720C8B3DE009FD409 /* Products */,
			);
			sourceTree = "<group>";
		};
		B9C300E720C8B3DE009FD409 /* Products */ = {
			isa = PBXGroup;
			children = (
				B9C300E620C8B3DE009FD409 /* JTDataStructures.framework */,
				B9C300EF20C8B3DE009FD409 /* JTDataStructuresTests.xctest */,
			);
			name = Products;
			sourceTree = "<group>";
		};
		B9C300E820C8B3DE009FD409 /* JTDataStructures */ = {
			isa = PBXGroup;
			children = (
				B9C3013220C99EF8009FD409 /* Graph */,
				B9C3013720C9A01B009FD409 /* HashMaps */,
				B9C300EA20C8B3DE009FD409 /* Info.plist */,
				B9C3013120C99E30009FD409 /* Linked Lists */,
				B9C3013320C99F39009FD409 /* Queues */,
				B9C3013420C99F5D009FD409 /* Shared */,
				B9C3013520C99FBC009FD409 /* Sorting Algorithms */,
				B9C3013820C9A02F009FD409 /* Stacks */,
				B9C3013620C99FEB009FD409 /* Supporting Files */,
				B9C3013020C99DD3009FD409 /* Trees */,
			);
			path = JTDataStructures;
			sourceTree = "<group>";
		};
		B9C300F320C8B3DE009FD409 /* JTDataStructuresTests */ = {
			isa = PBXGroup;
			children = (
				B973E732298C51ED0087FD23 /* Helpers */,
				B9C3013C20C9A1FB009FD409 /* Factories */,
				B9C3013B20C9A08C009FD409 /* Graphs */,
				B9C3013D20C9A21D009FD409 /* HashMaps */,
				B9C300F620C8B3DE009FD409 /* Info.plist */,
				B9C3013A20C9A074009FD409 /* Linked Lists */,
				B9C3013E20C9A22C009FD409 /* Queues */,
				B9C3013F20C9A234009FD409 /* Sorting Algorthims */,
				B9C3014020C9A249009FD409 /* Stacks */,
				B9C3013920C9A04E009FD409 /* Trees */,
			);
			path = JTDataStructuresTests;
			sourceTree = "<group>";
		};
		B9C3013020C99DD3009FD409 /* Trees */ = {
			isa = PBXGroup;
			children = (
				B9963ECA2964B25B00CAD8EE /* Trie.swift */,
				B973E72E298C2DE60087FD23 /* BInarySearchTree.swift */,
			);
			path = Trees;
			sourceTree = "<group>";
		};
		B9C3013120C99E30009FD409 /* Linked Lists */ = {
			isa = PBXGroup;
			children = (
				B9C3010720C8B460009FD409 /* DoublyLinkedList.swift */,
				B9C3014120C9A3CD009FD409 /* DoublyLinkedListIterator.swift */,
				B9C3010420C8B460009FD409 /* DoublyLinkedListNode.swift */,
			);
			path = "Linked Lists";
			sourceTree = "<group>";
		};
		B9C3013220C99EF8009FD409 /* Graph */ = {
			isa = PBXGroup;
			children = (
			);
			path = Graph;
			sourceTree = "<group>";
		};
		B9C3013320C99F39009FD409 /* Queues */ = {
			isa = PBXGroup;
			children = (
				B9C3010020C8B45F009FD409 /* PriorityQueue.swift */,
				B9C3010620C8B460009FD409 /* Queue.swift */,
			);
			path = Queues;
			sourceTree = "<group>";
		};
		B9C3013420C99F5D009FD409 /* Shared */ = {
			isa = PBXGroup;
			children = (
				B9C3010520C8B460009FD409 /* Node.swift */,
			);
			path = Shared;
			sourceTree = "<group>";
		};
		B9C3013520C99FBC009FD409 /* Sorting Algorithms */ = {
			isa = PBXGroup;
			children = (
				B9C3010320C8B45F009FD409 /* QuickSorter.swift */,
			);
			path = "Sorting Algorithms";
			sourceTree = "<group>";
		};
		B9C3013620C99FEB009FD409 /* Supporting Files */ = {
			isa = PBXGroup;
			children = (
				B9C300E920C8B3DE009FD409 /* JTDataStructures.h */,
			);
			path = "Supporting Files";
			sourceTree = "<group>";
		};
		B9C3013720C9A01B009FD409 /* HashMaps */ = {
			isa = PBXGroup;
			children = (
				B9C3010220C8B45F009FD409 /* HashMap.swift */,
			);
			path = HashMaps;
			sourceTree = "<group>";
		};
		B9C3013820C9A02F009FD409 /* Stacks */ = {
			isa = PBXGroup;
			children = (
				B9C3010A20C8B460009FD409 /* Stack.swift */,
			);
			path = Stacks;
			sourceTree = "<group>";
		};
		B9C3013920C9A04E009FD409 /* Trees */ = {
			isa = PBXGroup;
			children = (
				B9963ECC2964B88F00CAD8EE /* TrieTests.swift */,
				B973E730298C3B340087FD23 /* BinarySearchTreeTests.swift */,
			);
			path = Trees;
			sourceTree = "<group>";
		};
		B9C3013A20C9A074009FD409 /* Linked Lists */ = {
			isa = PBXGroup;
			children = (
				B9963ED8296B30C300CAD8EE /* DoublyLinkedListTests.swift */,
			);
			path = "Linked Lists";
			sourceTree = "<group>";
		};
		B9C3013B20C9A08C009FD409 /* Graphs */ = {
			isa = PBXGroup;
			children = (
			);
			path = Graphs;
			sourceTree = "<group>";
		};
		B9C3013C20C9A1FB009FD409 /* Factories */ = {
			isa = PBXGroup;
			children = (
			);
			path = Factories;
			sourceTree = "<group>";
		};
		B9C3013D20C9A21D009FD409 /* HashMaps */ = {
			isa = PBXGroup;
			children = (
				B9963ED4296A080200CAD8EE /* HashMapTests.swift */,
			);
			path = HashMaps;
			sourceTree = "<group>";
		};
		B9C3013E20C9A22C009FD409 /* Queues */ = {
			isa = PBXGroup;
			children = (
				B9963ECE2969FC3E00CAD8EE /* QueueTests.swift */,
				B9963ED0296A004F00CAD8EE /* PriorityQueueTests.swift */,
			);
			path = Queues;
			sourceTree = "<group>";
		};
		B9C3013F20C9A234009FD409 /* Sorting Algorthims */ = {
			isa = PBXGroup;
			children = (
				B9963ED6296B2F0500CAD8EE /* QuickSorterTests.swift */,
			);
			path = "Sorting Algorthims";
			sourceTree = "<group>";
		};
		B9C3014020C9A249009FD409 /* Stacks */ = {
			isa = PBXGroup;
			children = (
				B9963ED2296A037E00CAD8EE /* StackTests.swift */,
			);
			path = Stacks;
			sourceTree = "<group>";
		};
/* End PBXGroup section */

/* Begin PBXHeadersBuildPhase section */
		B9C300E120C8B3DE009FD409 /* Headers */ = {
			isa = PBXHeadersBuildPhase;
			buildActionMask = 2147483647;
			files = (
				B9C300F720C8B3DE009FD409 /* JTDataStructures.h in Headers */,
			);
			runOnlyForDeploymentPostprocessing = 0;
		};
/* End PBXHeadersBuildPhase section */

/* Begin PBXNativeTarget section */
		B9C300E520C8B3DE009FD409 /* JTDataStructures */ = {
			isa = PBXNativeTarget;
			buildConfigurationList = B9C300FA20C8B3DE009FD409 /* Build configuration list for PBXNativeTarget "JTDataStructures" */;
			buildPhases = (
				B9C300E120C8B3DE009FD409 /* Headers */,
				B9C300E220C8B3DE009FD409 /* Sources */,
				B9C300E320C8B3DE009FD409 /* Frameworks */,
				B9C300E420C8B3DE009FD409 /* Resources */,
			);
			buildRules = (
			);
			dependencies = (
			);
			name = JTDataStructures;
			productName = JTDataStructures;
			productReference = B9C300E620C8B3DE009FD409 /* JTDataStructures.framework */;
			productType = "com.apple.product-type.framework";
		};
		B9C300EE20C8B3DE009FD409 /* JTDataStructuresTests */ = {
			isa = PBXNativeTarget;
			buildConfigurationList = B9C300FD20C8B3DE009FD409 /* Build configuration list for PBXNativeTarget "JTDataStructuresTests" */;
			buildPhases = (
				B9C300EB20C8B3DE009FD409 /* Sources */,
				B9C300EC20C8B3DE009FD409 /* Frameworks */,
				B9C300ED20C8B3DE009FD409 /* Resources */,
			);
			buildRules = (
			);
			dependencies = (
				B9C300F220C8B3DE009FD409 /* PBXTargetDependency */,
			);
			name = JTDataStructuresTests;
			productName = JTDataStructuresTests;
			productReference = B9C300EF20C8B3DE009FD409 /* JTDataStructuresTests.xctest */;
			productType = "com.apple.product-type.bundle.unit-test";
		};
/* End PBXNativeTarget section */

/* Begin PBXProject section */
		B9C300DD20C8B3DE009FD409 /* Project object */ = {
			isa = PBXProject;
			attributes = {
				LastSwiftUpdateCheck = 1000;
				LastUpgradeCheck = 1420;
				ORGANIZATIONNAME = "Julian Tejera-Frias";
				TargetAttributes = {
					B9C300E520C8B3DE009FD409 = {
						CreatedOnToolsVersion = 10.0;
						LastSwiftMigration = "";
					};
					B9C300EE20C8B3DE009FD409 = {
						CreatedOnToolsVersion = 10.0;
						LastSwiftMigration = "";
					};
				};
			};
			buildConfigurationList = B9C300E020C8B3DE009FD409 /* Build configuration list for PBXProject "JTDataStructures" */;
			compatibilityVersion = "Xcode 9.3";
			developmentRegion = en;
			hasScannedForEncodings = 0;
			knownRegions = (
				en,
			);
			mainGroup = B9C300DC20C8B3DE009FD409;
			productRefGroup = B9C300E720C8B3DE009FD409 /* Products */;
			projectDirPath = "";
			projectRoot = "";
			targets = (
				B9C300E520C8B3DE009FD409 /* JTDataStructures */,
				B9C300EE20C8B3DE009FD409 /* JTDataStructuresTests */,
			);
		};
/* End PBXProject section */

/* Begin PBXResourcesBuildPhase section */
		B9C300E420C8B3DE009FD409 /* Resources */ = {
			isa = PBXResourcesBuildPhase;
			buildActionMask = 2147483647;
			files = (
			);
			runOnlyForDeploymentPostprocessing = 0;
		};
		B9C300ED20C8B3DE009FD409 /* Resources */ = {
			isa = PBXResourcesBuildPhase;
			buildActionMask = 2147483647;
			files = (
			);
			runOnlyForDeploymentPostprocessing = 0;
		};
/* End PBXResourcesBuildPhase section */

/* Begin PBXSourcesBuildPhase section */
		B9C300E220C8B3DE009FD409 /* Sources */ = {
			isa = PBXSourcesBuildPhase;
			buildActionMask = 2147483647;
			files = (
				B9963ECB2964B25B00CAD8EE /* Trie.swift in Sources */,
				B9C3014220C9A3CD009FD409 /* DoublyLinkedListIterator.swift in Sources */,
				B9C3011020C8B461009FD409 /* QuickSorter.swift in Sources */,
				B973E72F298C2DE60087FD23 /* BInarySearchTree.swift in Sources */,
				B9C3011320C8B461009FD409 /* Queue.swift in Sources */,
				B9C3010D20C8B461009FD409 /* PriorityQueue.swift in Sources */,
				B9C3011420C8B461009FD409 /* DoublyLinkedList.swift in Sources */,
				B9C3011120C8B461009FD409 /* DoublyLinkedListNode.swift in Sources */,
				B9C3011720C8B461009FD409 /* Stack.swift in Sources */,
				B9C3011220C8B461009FD409 /* Node.swift in Sources */,
				B9C3010F20C8B461009FD409 /* HashMap.swift in Sources */,
			);
			runOnlyForDeploymentPostprocessing = 0;
		};
		B9C300EB20C8B3DE009FD409 /* Sources */ = {
			isa = PBXSourcesBuildPhase;
			buildActionMask = 2147483647;
			files = (
				B9963ED9296B30C300CAD8EE /* DoublyLinkedListTests.swift in Sources */,
				B9963ED1296A004F00CAD8EE /* PriorityQueueTests.swift in Sources */,
				B9963ED3296A037E00CAD8EE /* StackTests.swift in Sources */,
				B9963ED5296A080200CAD8EE /* HashMapTests.swift in Sources */,
				B973E731298C3B340087FD23 /* BinarySearchTreeTests.swift in Sources */,
				B9963ECD2964B88F00CAD8EE /* TrieTests.swift in Sources */,
				B9963ED7296B2F0500CAD8EE /* QuickSorterTests.swift in Sources */,
				B9963ECF2969FC3E00CAD8EE /* QueueTests.swift in Sources */,
				B973E734298C51FB0087FD23 /* CustomAssertions.swift in Sources */,
			);
			runOnlyForDeploymentPostprocessing = 0;
		};
/* End PBXSourcesBuildPhase section */

/* Begin PBXTargetDependency section */
		B9C300F220C8B3DE009FD409 /* PBXTargetDependency */ = {
			isa = PBXTargetDependency;
			target = B9C300E520C8B3DE009FD409 /* JTDataStructures */;
			targetProxy = B9C300F120C8B3DE009FD409 /* PBXContainerItemProxy */;
		};
/* End PBXTargetDependency section */

/* Begin XCBuildConfiguration section */
		B9C300F820C8B3DE009FD409 /* Debug */ = {
			isa = XCBuildConfiguration;
			buildSettings = {
				ALWAYS_SEARCH_USER_PATHS = NO;
				CLANG_ANALYZER_NONNULL = YES;
				CLANG_ANALYZER_NUMBER_OBJECT_CONVERSION = YES_AGGRESSIVE;
				CLANG_CXX_LANGUAGE_STANDARD = "gnu++14";
				CLANG_CXX_LIBRARY = "libc++";
				CLANG_ENABLE_MODULES = YES;
				CLANG_ENABLE_OBJC_ARC = YES;
				CLANG_ENABLE_OBJC_WEAK = YES;
				CLANG_WARN_BLOCK_CAPTURE_AUTORELEASING = YES;
				CLANG_WARN_BOOL_CONVERSION = YES;
				CLANG_WARN_COMMA = YES;
				CLANG_WARN_CONSTANT_CONVERSION = YES;
				CLANG_WARN_DEPRECATED_OBJC_IMPLEMENTATIONS = YES;
				CLANG_WARN_DIRECT_OBJC_ISA_USAGE = YES_ERROR;
				CLANG_WARN_DOCUMENTATION_COMMENTS = YES;
				CLANG_WARN_EMPTY_BODY = YES;
				CLANG_WARN_ENUM_CONVERSION = YES;
				CLANG_WARN_INFINITE_RECURSION = YES;
				CLANG_WARN_INT_CONVERSION = YES;
				CLANG_WARN_NON_LITERAL_NULL_CONVERSION = YES;
				CLANG_WARN_OBJC_IMPLICIT_RETAIN_SELF = YES;
				CLANG_WARN_OBJC_LITERAL_CONVERSION = YES;
				CLANG_WARN_OBJC_ROOT_CLASS = YES_ERROR;
				CLANG_WARN_QUOTED_INCLUDE_IN_FRAMEWORK_HEADER = YES;
				CLANG_WARN_RANGE_LOOP_ANALYSIS = YES;
				CLANG_WARN_STRICT_PROTOTYPES = YES;
				CLANG_WARN_SUSPICIOUS_MOVE = YES;
				CLANG_WARN_UNGUARDED_AVAILABILITY = YES_AGGRESSIVE;
				CLANG_WARN_UNREACHABLE_CODE = YES;
				CLANG_WARN__DUPLICATE_METHOD_MATCH = YES;
				CODE_SIGN_IDENTITY = "iPhone Developer";
				COPY_PHASE_STRIP = NO;
				CURRENT_PROJECT_VERSION = 1;
				DEBUG_INFORMATION_FORMAT = dwarf;
				ENABLE_STRICT_OBJC_MSGSEND = YES;
				ENABLE_TESTABILITY = YES;
				GCC_C_LANGUAGE_STANDARD = gnu11;
				GCC_DYNAMIC_NO_PIC = NO;
				GCC_NO_COMMON_BLOCKS = YES;
				GCC_OPTIMIZATION_LEVEL = 0;
				GCC_PREPROCESSOR_DEFINITIONS = (
					"DEBUG=1",
					"$(inherited)",
				);
				GCC_WARN_64_TO_32_BIT_CONVERSION = YES;
				GCC_WARN_ABOUT_RETURN_TYPE = YES_ERROR;
				GCC_WARN_UNDECLARED_SELECTOR = YES;
				GCC_WARN_UNINITIALIZED_AUTOS = YES_AGGRESSIVE;
				GCC_WARN_UNUSED_FUNCTION = YES;
				GCC_WARN_UNUSED_VARIABLE = YES;
				IPHONEOS_DEPLOYMENT_TARGET = 12.0;
				MTL_ENABLE_DEBUG_INFO = INCLUDE_SOURCE;
				ONLY_ACTIVE_ARCH = YES;
				SDKROOT = iphoneos;
				SWIFT_ACTIVE_COMPILATION_CONDITIONS = DEBUG;
				SWIFT_OPTIMIZATION_LEVEL = "-Onone";
				VERSIONING_SYSTEM = "apple-generic";
				VERSION_INFO_PREFIX = "";
			};
			name = Debug;
		};
		B9C300F920C8B3DE009FD409 /* Release */ = {
			isa = XCBuildConfiguration;
			buildSettings = {
				ALWAYS_SEARCH_USER_PATHS = NO;
				CLANG_ANALYZER_NONNULL = YES;
				CLANG_ANALYZER_NUMBER_OBJECT_CONVERSION = YES_AGGRESSIVE;
				CLANG_CXX_LANGUAGE_STANDARD = "gnu++14";
				CLANG_CXX_LIBRARY = "libc++";
				CLANG_ENABLE_MODULES = YES;
				CLANG_ENABLE_OBJC_ARC = YES;
				CLANG_ENABLE_OBJC_WEAK = YES;
				CLANG_WARN_BLOCK_CAPTURE_AUTORELEASING = YES;
				CLANG_WARN_BOOL_CONVERSION = YES;
				CLANG_WARN_COMMA = YES;
				CLANG_WARN_CONSTANT_CONVERSION = YES;
				CLANG_WARN_DEPRECATED_OBJC_IMPLEMENTATIONS = YES;
				CLANG_WARN_DIRECT_OBJC_ISA_USAGE = YES_ERROR;
				CLANG_WARN_DOCUMENTATION_COMMENTS = YES;
				CLANG_WARN_EMPTY_BODY = YES;
				CLANG_WARN_ENUM_CONVERSION = YES;
				CLANG_WARN_INFINITE_RECURSION = YES;
				CLANG_WARN_INT_CONVERSION = YES;
				CLANG_WARN_NON_LITERAL_NULL_CONVERSION = YES;
				CLANG_WARN_OBJC_IMPLICIT_RETAIN_SELF = YES;
				CLANG_WARN_OBJC_LITERAL_CONVERSION = YES;
				CLANG_WARN_OBJC_ROOT_CLASS = YES_ERROR;
				CLANG_WARN_QUOTED_INCLUDE_IN_FRAMEWORK_HEADER = YES;
				CLANG_WARN_RANGE_LOOP_ANALYSIS = YES;
				CLANG_WARN_STRICT_PROTOTYPES = YES;
				CLANG_WARN_SUSPICIOUS_MOVE = YES;
				CLANG_WARN_UNGUARDED_AVAILABILITY = YES_AGGRESSIVE;
				CLANG_WARN_UNREACHABLE_CODE = YES;
				CLANG_WARN__DUPLICATE_METHOD_MATCH = YES;
				CODE_SIGN_IDENTITY = "iPhone Developer";
				COPY_PHASE_STRIP = NO;
				CURRENT_PROJECT_VERSION = 1;
				DEBUG_INFORMATION_FORMAT = "dwarf-with-dsym";
				ENABLE_NS_ASSERTIONS = NO;
				ENABLE_STRICT_OBJC_MSGSEND = YES;
				GCC_C_LANGUAGE_STANDARD = gnu11;
				GCC_NO_COMMON_BLOCKS = YES;
				GCC_WARN_64_TO_32_BIT_CONVERSION = YES;
				GCC_WARN_ABOUT_RETURN_TYPE = YES_ERROR;
				GCC_WARN_UNDECLARED_SELECTOR = YES;
				GCC_WARN_UNINITIALIZED_AUTOS = YES_AGGRESSIVE;
				GCC_WARN_UNUSED_FUNCTION = YES;
				GCC_WARN_UNUSED_VARIABLE = YES;
				IPHONEOS_DEPLOYMENT_TARGET = 12.0;
				MTL_ENABLE_DEBUG_INFO = NO;
				SDKROOT = iphoneos;
				SWIFT_COMPILATION_MODE = wholemodule;
				SWIFT_OPTIMIZATION_LEVEL = "-O";
				VALIDATE_PRODUCT = YES;
				VERSIONING_SYSTEM = "apple-generic";
				VERSION_INFO_PREFIX = "";
			};
			name = Release;
		};
		B9C300FB20C8B3DE009FD409 /* Debug */ = {
			isa = XCBuildConfiguration;
			buildSettings = {
				CLANG_ENABLE_MODULES = YES;
				CODE_SIGN_IDENTITY = "";
				CODE_SIGN_STYLE = Automatic;
				DEFINES_MODULE = YES;
				DEVELOPMENT_TEAM = VDYWQG4YL7;
				DYLIB_COMPATIBILITY_VERSION = 1;
				DYLIB_CURRENT_VERSION = 1;
				DYLIB_INSTALL_NAME_BASE = "@rpath";
				INFOPLIST_FILE = JTDataStructures/Info.plist;
				INSTALL_PATH = "$(LOCAL_LIBRARY_DIR)/Frameworks";
				LD_RUNPATH_SEARCH_PATHS = (
					"$(inherited)",
					"@executable_path/Frameworks",
					"@loader_path/Frameworks",
				);
				PRODUCT_BUNDLE_IDENTIFIER = com.juliantejera.JTDataStructures;
				PRODUCT_NAME = "$(TARGET_NAME:c99extidentifier)";
				SKIP_INSTALL = YES;
				SWIFT_OPTIMIZATION_LEVEL = "-Onone";
				SWIFT_VERSION = 5.0;
				TARGETED_DEVICE_FAMILY = "1,2";
			};
			name = Debug;
		};
		B9C300FC20C8B3DE009FD409 /* Release */ = {
			isa = XCBuildConfiguration;
			buildSettings = {
				CLANG_ENABLE_MODULES = YES;
				CODE_SIGN_IDENTITY = "";
				CODE_SIGN_STYLE = Automatic;
				DEFINES_MODULE = YES;
				DEVELOPMENT_TEAM = VDYWQG4YL7;
				DYLIB_COMPATIBILITY_VERSION = 1;
				DYLIB_CURRENT_VERSION = 1;
				DYLIB_INSTALL_NAME_BASE = "@rpath";
				INFOPLIST_FILE = JTDataStructures/Info.plist;
				INSTALL_PATH = "$(LOCAL_LIBRARY_DIR)/Frameworks";
				LD_RUNPATH_SEARCH_PATHS = (
					"$(inherited)",
					"@executable_path/Frameworks",
					"@loader_path/Frameworks",
				);
				PRODUCT_BUNDLE_IDENTIFIER = com.juliantejera.JTDataStructures;
				PRODUCT_NAME = "$(TARGET_NAME:c99extidentifier)";
				SKIP_INSTALL = YES;
				SWIFT_VERSION = 5.0;
				TARGETED_DEVICE_FAMILY = "1,2";
			};
			name = Release;
		};
		B9C300FE20C8B3DE009FD409 /* Debug */ = {
			isa = XCBuildConfiguration;
			buildSettings = {
				ALWAYS_EMBED_SWIFT_STANDARD_LIBRARIES = YES;
				CODE_SIGN_STYLE = Automatic;
				DEVELOPMENT_TEAM = VDYWQG4YL7;
				INFOPLIST_FILE = JTDataStructuresTests/Info.plist;
				LD_RUNPATH_SEARCH_PATHS = (
					"$(inherited)",
					"@executable_path/Frameworks",
					"@loader_path/Frameworks",
				);
				PRODUCT_BUNDLE_IDENTIFIER = com.juliantejera.JTDataStructuresTests;
				PRODUCT_NAME = "$(TARGET_NAME)";
				SWIFT_VERSION = 5.0;
				TARGETED_DEVICE_FAMILY = "1,2";
			};
			name = Debug;
		};
		B9C300FF20C8B3DE009FD409 /* Release */ = {
			isa = XCBuildConfiguration;
			buildSettings = {
				ALWAYS_EMBED_SWIFT_STANDARD_LIBRARIES = YES;
				CODE_SIGN_STYLE = Automatic;
				DEVELOPMENT_TEAM = VDYWQG4YL7;
				INFOPLIST_FILE = JTDataStructuresTests/Info.plist;
				LD_RUNPATH_SEARCH_PATHS = (
					"$(inherited)",
					"@executable_path/Frameworks",
					"@loader_path/Frameworks",
				);
				PRODUCT_BUNDLE_IDENTIFIER = com.juliantejera.JTDataStructuresTests;
				PRODUCT_NAME = "$(TARGET_NAME)";
				SWIFT_VERSION = 5.0;
				TARGETED_DEVICE_FAMILY = "1,2";
			};
			name = Release;
		};
/* End XCBuildConfiguration section */

/* Begin XCConfigurationList section */
		B9C300E020C8B3DE009FD409 /* Build configuration list for PBXProject "JTDataStructures" */ = {
			isa = XCConfigurationList;
			buildConfigurations = (
				B9C300F820C8B3DE009FD409 /* Debug */,
				B9C300F920C8B3DE009FD409 /* Release */,
			);
			defaultConfigurationIsVisible = 0;
			defaultConfigurationName = Release;
		};
		B9C300FA20C8B3DE009FD409 /* Build configuration list for PBXNativeTarget "JTDataStructures" */ = {
			isa = XCConfigurationList;
			buildConfigurations = (
				B9C300FB20C8B3DE009FD409 /* Debug */,
				B9C300FC20C8B3DE009FD409 /* Release */,
			);
			defaultConfigurationIsVisible = 0;
			defaultConfigurationName = Release;
		};
		B9C300FD20C8B3DE009FD409 /* Build configuration list for PBXNativeTarget "JTDataStructuresTests" */ = {
			isa = XCConfigurationList;
			buildConfigurations = (
				B9C300FE20C8B3DE009FD409 /* Debug */,
				B9C300FF20C8B3DE009FD409 /* Release */,
			);
			defaultConfigurationIsVisible = 0;
			defaultConfigurationName = Release;
		};
/* End XCConfigurationList section */
	};
	rootObject = B9C300DD20C8B3DE009FD409 /* Project object */;
}
